
Microsoft Visual Studio Solution File, Format Version 12.00
# Visual Studio Version 16
VisualStudioVersion = 16.0.29613.14
MinimumVisualStudioVersion = 10.0.40219.1
Project("{FAE04EC0-301F-11D3-BF4B-00C04F79EFBC}") = "Payments", "Payments\Payments.csproj", "{16227C0B-A231-4168-A30A-25AFF84B8C93}"
EndProject
Global
	GlobalSection(SolutionConfigurationPlatforms) = preSolution
		Debug|Any CPU = Debug|Any CPU
		Release|Any CPU = Release|Any CPU
	EndGlobalSection
	GlobalSection(ProjectConfigurationPlatforms) = postSolution
		{16227C0B-A231-4168-A30A-25AFF84B8C93}.Debug|Any CPU.ActiveCfg = Debug|Any CPU
		{16227C0B-A231-4168-A30A-25AFF84B8C93}.Debug|Any CPU.Build.0 = Debug|Any CPU
		{16227C0B-A231-4168-A30A-25AFF84B8C93}.Release|Any CPU.ActiveCfg = Release|Any CPU
		{16227C0B-A231-4168-A30A-25AFF84B8C93}.Release|Any CPU.Build.0 = Release|Any CPU
	EndGlobalSection
	GlobalSection(SolutionProperties) = preSolution
		HideSolutionNode = FALSE
	EndGlobalSection
	GlobalSection(ExtensibilityGlobals) = postSolution
		SolutionGuid = {E9C5C49A-04BE-497A-9C4D-909D11ABE922}
	EndGlobalSection
EndGlobal
